PODS:
  - MJRefreshStatic (3.5.20)
  - React (0.11.0):
    - React/Core (= 0.11.0)
  - react-native-refresh (0.1.0):
    - MJRefreshStatic
    - React
  - React/Core (0.11.0)

DEPENDENCIES:
  - react-native-refresh (from `../`)

SPEC REPOS:
  trunk:
    - MJRefreshStatic
    - React

EXTERNAL SOURCES:
  react-native-refresh:
    :path: "../"

SPEC CHECKSUMS:
  MJRefreshStatic: 1b1fb00c63e8c9fb114233c98286e69c6a4772a9
  React: ab1a2e21deb34965c38328d5ec40cc7d12c6050a
  react-native-refresh: b1b3205f5481323298c1274c9ff53facf7426a8b

PODFILE CHECKSUM: 7835cae1d783fb89e423f5d4bae030a1cc963119

COCOAPODS: 1.8.3
