// !$*UTF8*$!
{
	archiveVersion = 1;
	classes = {
	};
	objectVersion = 50;
	objects = {

/* Begin PBXBuildFile section */
		9474D84A25026ADA00EB2077 /* AppDelegate.swift in Sources */ = {isa = PBXBuildFile; fileRef = 9474D84925026ADA00EB2077 /* AppDelegate.swift */; };
		9474D84C25026ADA00EB2077 /* SceneDelegate.swift in Sources */ = {isa = PBXBuildFile; fileRef = 9474D84B25026ADA00EB2077 /* SceneDelegate.swift */; };
		9474D84E25026ADA00EB2077 /* ViewController.swift in Sources */ = {isa = PBXBuildFile; fileRef = 9474D84D25026ADA00EB2077 /* ViewController.swift */; };
		9474D85125026ADA00EB2077 /* Main.storyboard in Resources */ = {isa = PBXBuildFile; fileRef = 9474D84F25026ADA00EB2077 /* Main.storyboard */; };
		9474D85325026ADE00EB2077 /* Assets.xcassets in Resources */ = {isa = PBXBuildFile; fileRef = 9474D85225026ADE00EB2077 /* Assets.xcassets */; };
		9474D85625026ADE00EB2077 /* LaunchScreen.storyboard in Resources */ = {isa = PBXBuildFile; fileRef = 9474D85425026ADE00EB2077 /* LaunchScreen.storyboard */; };
		E906C0FAC938AAAE97750368 /* Pods_RNRefreshExample_iOS.framework in Frameworks */ = {isa = PBXBuildFile; fileRef = D3F0203CFAB607FBF1DD8D3D /* Pods_RNRefreshExample_iOS.framework */; };
/* End PBXBuildFile section */

/* Begin PBXFileReference section */
		38017424F7F56ADDA975BE80 /* Pods-RNRefreshExample-iOS.release.xcconfig */ = {isa = PBXFileReference; includeInIndex = 1; lastKnownFileType = text.xcconfig; name = "Pods-RNRefreshExample-iOS.release.xcconfig"; path = "Target Support Files/Pods-RNRefreshExample-iOS/Pods-RNRefreshExample-iOS.release.xcconfig"; sourceTree = "<group>"; };
		9474D84625026ADA00EB2077 /* RNRefreshExample-iOS.app */ = {isa = PBXFileReference; explicitFileType = wrapper.application; includeInIndex = 0; path = "RNRefreshExample-iOS.app"; sourceTree = BUILT_PRODUCTS_DIR; };
		9474D84925026ADA00EB2077 /* AppDelegate.swift */ = {isa = PBXFileReference; lastKnownFileType = sourcecode.swift; path = AppDelegate.swift; sourceTree = "<group>"; };
		9474D84B25026ADA00EB2077 /* SceneDelegate.swift */ = {isa = PBXFileReference; lastKnownFileType = sourcecode.swift; path = SceneDelegate.swift; sourceTree = "<group>"; };
		9474D84D25026ADA00EB2077 /* ViewController.swift */ = {isa = PBXFileReference; lastKnownFileType = sourcecode.swift; path = ViewController.swift; sourceTree = "<group>"; };
		9474D85025026ADA00EB2077 /* Base */ = {isa = PBXFileReference; lastKnownFileType = file.storyboard; name = Base; path = Base.lproj/Main.storyboard; sourceTree = "<group>"; };
		9474D85225026ADE00EB2077 /* Assets.xcassets */ = {isa = PBXFileReference; lastKnownFileType = folder.assetcatalog; path = Assets.xcassets; sourceTree = "<group>"; };
		9474D85525026ADE00EB2077 /* Base */ = {isa = PBXFileReference; lastKnownFileType = file.storyboard; name = Base; path = Base.lproj/LaunchScreen.storyboard; sourceTree = "<group>"; };
		9474D85725026ADE00EB2077 /* Info.plist */ = {isa = PBXFileReference; lastKnownFileType = text.plist.xml; path = Info.plist; sourceTree = "<group>"; };
		AC582F21C3F619ADE66014DE /* Pods-RNRefreshExample-iOS.debug.xcconfig */ = {isa = PBXFileReference; includeInIndex = 1; lastKnownFileType = text.xcconfig; name = "Pods-RNRefreshExample-iOS.debug.xcconfig"; path = "Target Support Files/Pods-RNRefreshExample-iOS/Pods-RNRefreshExample-iOS.debug.xcconfig"; sourceTree = "<group>"; };
		D3F0203CFAB607FBF1DD8D3D /* Pods_RNRefreshExample_iOS.framework */ = {isa = PBXFileReference; explicitFileType = wrapper.framework; includeInIndex = 0; path = Pods_RNRefreshExample_iOS.framework; sourceTree = BUILT_PRODUCTS_DIR; };
/* End PBXFileReference section */

/* Begin PBXFrameworksBuildPhase section */
		9474D84325026ADA00EB2077 /* Frameworks */ = {
			isa = PBXFrameworksBuildPhase;
			buildActionMask = 2147483647;
			files = (
				E906C0FAC938AAAE97750368 /* Pods_RNRefreshExample_iOS.framework in Frameworks */,
			);
			runOnlyForDeploymentPostprocessing = 0;
		};
/* End PBXFrameworksBuildPhase section */

/* Begin PBXGroup section */
		8CAE0C3CAB94E22DDC841F82 /* Frameworks */ = {
			isa = PBXGroup;
			children = (
				D3F0203CFAB607FBF1DD8D3D /* Pods_RNRefreshExample_iOS.framework */,
			);
			name = Frameworks;
			sourceTree = "<group>";
		};
		9474D83D25026ADA00EB2077 = {
			isa = PBXGroup;
			children = (
				9474D84825026ADA00EB2077 /* RNRefreshExample-iOS */,
				9474D84725026ADA00EB2077 /* Products */,
				C582C926A073B851724BA934 /* Pods */,
				8CAE0C3CAB94E22DDC841F82 /* Frameworks */,
			);
			sourceTree = "<group>";
		};
		9474D84725026ADA00EB2077 /* Products */ = {
			isa = PBXGroup;
			children = (
				9474D84625026ADA00EB2077 /* RNRefreshExample-iOS.app */,
			);
			name = Products;
			sourceTree = "<group>";
		};
		9474D84825026ADA00EB2077 /* RNRefreshExample-iOS */ = {
			isa = PBXGroup;
			children = (
				9474D84925026ADA00EB2077 /* AppDelegate.swift */,
				9474D84B25026ADA00EB2077 /* SceneDelegate.swift */,
				9474D84D25026ADA00EB2077 /* ViewController.swift */,
				9474D84F25026ADA00EB2077 /* Main.storyboard */,
				9474D85225026ADE00EB2077 /* Assets.xcassets */,
				9474D85425026ADE00EB2077 /* LaunchScreen.storyboard */,
				9474D85725026ADE00EB2077 /* Info.plist */,
			);
			path = "RNRefreshExample-iOS";
			sourceTree = "<group>";
		};
		C582C926A073B851724BA934 /* Pods */ = {
			isa = PBXGroup;
			children = (
				AC582F21C3F619ADE66014DE /* Pods-RNRefreshExample-iOS.debug.xcconfig */,
				38017424F7F56ADDA975BE80 /* Pods-RNRefreshExample-iOS.release.xcconfig */,
			);
			name = Pods;
			path = Pods;
			sourceTree = "<group>";
		};
/* End PBXGroup section */

/* Begin PBXNativeTarget section */
		9474D84525026ADA00EB2077 /* RNRefreshExample-iOS */ = {
			isa = PBXNativeTarget;
			buildConfigurationList = 9474D85A25026ADE00EB2077 /* Build configuration list for PBXNativeTarget "RNRefreshExample-iOS" */;
			buildPhases = (
				7ABC62F21EDC85D46FBC70F0 /* [CP] Check Pods Manifest.lock */,
				9474D84225026ADA00EB2077 /* Sources */,
				9474D84325026ADA00EB2077 /* Frameworks */,
				9474D84425026ADA00EB2077 /* Resources */,
				93470245269CED7830455067 /* [CP] Embed Pods Frameworks */,
			);
			buildRules = (
			);
			dependencies = (
			);
			name = "RNRefreshExample-iOS";
			productName = "RNRefreshExample-iOS";
			productReference = 9474D84625026ADA00EB2077 /* RNRefreshExample-iOS.app */;
			productType = "com.apple.product-type.application";
		};
/* End PBXNativeTarget section */

/* Begin PBXProject section */
		9474D83E25026ADA00EB2077 /* Project object */ = {
			isa = PBXProject;
			attributes = {
				LastSwiftUpdateCheck = 1170;
				LastUpgradeCheck = 1170;
				ORGANIZATIONNAME = ActionPi;
				TargetAttributes = {
					9474D84525026ADA00EB2077 = {
						CreatedOnToolsVersion = 11.7;
					};
				};
			};
			buildConfigurationList = 9474D84125026ADA00EB2077 /* Build configuration list for PBXProject "RNRefreshExample-iOS" */;
			compatibilityVersion = "Xcode 9.3";
			developmentRegion = en;
			hasScannedForEncodings = 0;
			knownRegions = (
				en,
				Base,
			);
			mainGroup = 9474D83D25026ADA00EB2077;
			productRefGroup = 9474D84725026ADA00EB2077 /* Products */;
			projectDirPath = "";
			projectRoot = "";
			targets = (
				9474D84525026ADA00EB2077 /* RNRefreshExample-iOS */,
			);
		};
/* End PBXProject section */

/* Begin PBXResourcesBuildPhase section */
		9474D84425026ADA00EB2077 /* Resources */ = {
			isa = PBXResourcesBuildPhase;
			buildActionMask = 2147483647;
			files = (
				9474D85625026ADE00EB2077 /* LaunchScreen.storyboard in Resources */,
				9474D85325026ADE00EB2077 /* Assets.xcassets in Resources */,
				9474D85125026ADA00EB2077 /* Main.storyboard in Resources */,
			);
			runOnlyForDeploymentPostprocessing = 0;
		};
/* End PBXResourcesBuildPhase section */

/* Begin PBXShellScriptBuildPhase section */
		7ABC62F21EDC85D46FBC70F0 /* [CP] Check Pods Manifest.lock */ = {
			isa = PBXShellScriptBuildPhase;
			buildActionMask = 2147483647;
			files = (
			);
			inputFileListPaths = (
			);
			inputPaths = (
				"${PODS_PODFILE_DIR_PATH}/Podfile.lock",
				"${PODS_ROOT}/Manifest.lock",
			);
			name = "[CP] Check Pods Manifest.lock";
			outputFileListPaths = (
			);
			outputPaths = (
				"$(DERIVED_FILE_DIR)/Pods-RNRefreshExample-iOS-checkManifestLockResult.txt",
			);
			runOnlyForDeploymentPostprocessing = 0;
			shellPath = /bin/sh;
			shellScript = "diff \"${PODS_PODFILE_DIR_PATH}/Podfile.lock\" \"${PODS_ROOT}/Manifest.lock\" > /dev/null\nif [ $? != 0 ] ; then\n    # print error to STDERR\n    echo \"error: The sandbox is not in sync with the Podfile.lock. Run 'pod install' or update your CocoaPods installation.\" >&2\n    exit 1\nfi\n# This output is used by Xcode 'outputs' to avoid re-running this script phase.\necho \"SUCCESS\" > \"${SCRIPT_OUTPUT_FILE_0}\"\n";
			showEnvVarsInLog = 0;
		};
		93470245269CED7830455067 /* [CP] Embed Pods Frameworks */ = {
			isa = PBXShellScriptBuildPhase;
			buildActionMask = 2147483647;
			files = (
			);
			inputFileListPaths = (
				"${PODS_ROOT}/Target Support Files/Pods-RNRefreshExample-iOS/Pods-RNRefreshExample-iOS-frameworks-${CONFIGURATION}-input-files.xcfilelist",
			);
			name = "[CP] Embed Pods Frameworks";
			outputFileListPaths = (
				"${PODS_ROOT}/Target Support Files/Pods-RNRefreshExample-iOS/Pods-RNRefreshExample-iOS-frameworks-${CONFIGURATION}-output-files.xcfilelist",
			);
			runOnlyForDeploymentPostprocessing = 0;
			shellPath = /bin/sh;
			shellScript = "\"${PODS_ROOT}/Target Support Files/Pods-RNRefreshExample-iOS/Pods-RNRefreshExample-iOS-frameworks.sh\"\n";
			showEnvVarsInLog = 0;
		};
/* End PBXShellScriptBuildPhase section */

/* Begin PBXSourcesBuildPhase section */
		9474D84225026ADA00EB2077 /* Sources */ = {
			isa = PBXSourcesBuildPhase;
			buildActionMask = 2147483647;
			files = (
				9474D84E25026ADA00EB2077 /* ViewController.swift in Sources */,
				9474D84A25026ADA00EB2077 /* AppDelegate.swift in Sources */,
				9474D84C25026ADA00EB2077 /* SceneDelegate.swift in Sources */,
			);
			runOnlyForDeploymentPostprocessing = 0;
		};
/* End PBXSourcesBuildPhase section */

/* Begin PBXVariantGroup section */
		9474D84F25026ADA00EB2077 /* Main.storyboard */ = {
			isa = PBXVariantGroup;
			children = (
				9474D85025026ADA00EB2077 /* Base */,
			);
			name = Main.storyboard;
			sourceTree = "<group>";
		};
		9474D85425026ADE00EB2077 /* LaunchScreen.storyboard */ = {
			isa = PBXVariantGroup;
			children = (
				9474D85525026ADE00EB2077 /* Base */,
			);
			name = LaunchScreen.storyboard;
			sourceTree = "<group>";
		};
/* End PBXVariantGroup section */

/* Begin XCBuildConfiguration section */
		9474D85825026ADE00EB2077 /* Debug */ = {
			isa = XCBuildConfiguration;
			buildSettings = {
				ALWAYS_SEARCH_USER_PATHS = NO;
				CLANG_ANALYZER_NONNULL = YES;
				CLANG_ANALYZER_NUMBER_OBJECT_CONVERSION = YES_AGGRESSIVE;
				CLANG_CXX_LANGUAGE_STANDARD = "gnu++14";
				CLANG_CXX_LIBRARY = "libc++";
				CLANG_ENABLE_MODULES = YES;
				CLANG_ENABLE_OBJC_ARC = YES;
				CLANG_ENABLE_OBJC_WEAK = YES;
				CLANG_WARN_BLOCK_CAPTURE_AUTORELEASING = YES;
				CLANG_WARN_BOOL_CONVERSION = YES;
				CLANG_WARN_COMMA = YES;
				CLANG_WARN_CONSTANT_CONVERSION = YES;
				CLANG_WARN_DEPRECATED_OBJC_IMPLEMENTATIONS = YES;
				CLANG_WARN_DIRECT_OBJC_ISA_USAGE = YES_ERROR;
				CLANG_WARN_DOCUMENTATION_COMMENTS = YES;
				CLANG_WARN_EMPTY_BODY = YES;
				CLANG_WARN_ENUM_CONVERSION = YES;
				CLANG_WARN_INFINITE_RECURSION = YES;
				CLANG_WARN_INT_CONVERSION = YES;
				CLANG_WARN_NON_LITERAL_NULL_CONVERSION = YES;
				CLANG_WARN_OBJC_IMPLICIT_RETAIN_SELF = YES;
				CLANG_WARN_OBJC_LITERAL_CONVERSION = YES;
				CLANG_WARN_OBJC_ROOT_CLASS = YES_ERROR;
				CLANG_WARN_RANGE_LOOP_ANALYSIS = YES;
				CLANG_WARN_STRICT_PROTOTYPES = YES;
				CLANG_WARN_SUSPICIOUS_MOVE = YES;
				CLANG_WARN_UNGUARDED_AVAILABILITY = YES_AGGRESSIVE;
				CLANG_WARN_UNREACHABLE_CODE = YES;
				CLANG_WARN__DUPLICATE_METHOD_MATCH = YES;
				COPY_PHASE_STRIP = NO;
				DEBUG_INFORMATION_FORMAT = dwarf;
				ENABLE_STRICT_OBJC_MSGSEND = YES;
				ENABLE_TESTABILITY = YES;
				GCC_C_LANGUAGE_STANDARD = gnu11;
				GCC_DYNAMIC_NO_PIC = NO;
				GCC_NO_COMMON_BLOCKS = YES;
				GCC_OPTIMIZATION_LEVEL = 0;
				GCC_PREPROCESSOR_DEFINITIONS = (
					"DEBUG=1",
					"$(inherited)",
				);
				GCC_WARN_64_TO_32_BIT_CONVERSION = YES;
				GCC_WARN_ABOUT_RETURN_TYPE = YES_ERROR;
				GCC_WARN_UNDECLARED_SELECTOR = YES;
				GCC_WARN_UNINITIALIZED_AUTOS = YES_AGGRESSIVE;
				GCC_WARN_UNUSED_FUNCTION = YES;
				GCC_WARN_UNUSED_VARIABLE = YES;
				IPHONEOS_DEPLOYMENT_TARGET = 13.7;
				MTL_ENABLE_DEBUG_INFO = INCLUDE_SOURCE;
				MTL_FAST_MATH = YES;
				ONLY_ACTIVE_ARCH = YES;
				SDKROOT = iphoneos;
				SWIFT_ACTIVE_COMPILATION_CONDITIONS = DEBUG;
				SWIFT_OPTIMIZATION_LEVEL = "-Onone";
			};
			name = Debug;
		};
		9474D85925026ADE00EB2077 /* Release */ = {
			isa = XCBuildConfiguration;
			buildSettings = {
				ALWAYS_SEARCH_USER_PATHS = NO;
				CLANG_ANALYZER_NONNULL = YES;
				CLANG_ANALYZER_NUMBER_OBJECT_CONVERSION = YES_AGGRESSIVE;
				CLANG_CXX_LANGUAGE_STANDARD = "gnu++14";
				CLANG_CXX_LIBRARY = "libc++";
				CLANG_ENABLE_MODULES = YES;
				CLANG_ENABLE_OBJC_ARC = YES;
				CLANG_ENABLE_OBJC_WEAK = YES;
				CLANG_WARN_BLOCK_CAPTURE_AUTORELEASING = YES;
				CLANG_WARN_BOOL_CONVERSION = YES;
				CLANG_WARN_COMMA = YES;
				CLANG_WARN_CONSTANT_CONVERSION = YES;
				CLANG_WARN_DEPRECATED_OBJC_IMPLEMENTATIONS = YES;
				CLANG_WARN_DIRECT_OBJC_ISA_USAGE = YES_ERROR;
				CLANG_WARN_DOCUMENTATION_COMMENTS = YES;
				CLANG_WARN_EMPTY_BODY = YES;
				CLANG_WARN_ENUM_CONVERSION = YES;
				CLANG_WARN_INFINITE_RECURSION = YES;
				CLANG_WARN_INT_CONVERSION = YES;
				CLANG_WARN_NON_LITERAL_NULL_CONVERSION = YES;
				CLANG_WARN_OBJC_IMPLICIT_RETAIN_SELF = YES;
				CLANG_WARN_OBJC_LITERAL_CONVERSION = YES;
				CLANG_WARN_OBJC_ROOT_CLASS = YES_ERROR;
				CLANG_WARN_RANGE_LOOP_ANALYSIS = YES;
				CLANG_WARN_STRICT_PROTOTYPES = YES;
				CLANG_WARN_SUSPICIOUS_MOVE = YES;
				CLANG_WARN_UNGUARDED_AVAILABILITY = YES_AGGRESSIVE;
				CLANG_WARN_UNREACHABLE_CODE = YES;
				CLANG_WARN__DUPLICATE_METHOD_MATCH = YES;
				COPY_PHASE_STRIP = NO;
				DEBUG_INFORMATION_FORMAT = "dwarf-with-dsym";
				ENABLE_NS_ASSERTIONS = NO;
				ENABLE_STRICT_OBJC_MSGSEND = YES;
				GCC_C_LANGUAGE_STANDARD = gnu11;
				GCC_NO_COMMON_BLOCKS = YES;
				GCC_WARN_64_TO_32_BIT_CONVERSION = YES;
				GCC_WARN_ABOUT_RETURN_TYPE = YES_ERROR;
				GCC_WARN_UNDECLARED_SELECTOR = YES;
				GCC_WARN_UNINITIALIZED_AUTOS = YES_AGGRESSIVE;
				GCC_WARN_UNUSED_FUNCTION = YES;
				GCC_WARN_UNUSED_VARIABLE = YES;
				IPHONEOS_DEPLOYMENT_TARGET = 13.7;
				MTL_ENABLE_DEBUG_INFO = NO;
				MTL_FAST_MATH = YES;
				SDKROOT = iphoneos;
				SWIFT_COMPILATION_MODE = wholemodule;
				SWIFT_OPTIMIZATION_LEVEL = "-O";
				VALIDATE_PRODUCT = YES;
			};
			name = Release;
		};
		9474D85B25026ADE00EB2077 /* Debug */ = {
			isa = XCBuildConfiguration;
			baseConfigurationReference = AC582F21C3F619ADE66014DE /* Pods-RNRefreshExample-iOS.debug.xcconfig */;
			buildSettings = {
				ASSETCATALOG_COMPILER_APPICON_NAME = AppIcon;
				CODE_SIGN_STYLE = Automatic;
				INFOPLIST_FILE = "RNRefreshExample-iOS/Info.plist";
				LD_RUNPATH_SEARCH_PATHS = (
					"$(inherited)",
					"@executable_path/Frameworks",
				);
				PRODUCT_BUNDLE_IDENTIFIER = "com.xdpaction.liveroom.RNRefreshExample-iOS";
				PRODUCT_NAME = "$(TARGET_NAME)";
				SWIFT_VERSION = 5.0;
				TARGETED_DEVICE_FAMILY = "1,2";
			};
			name = Debug;
		};
		9474D85C25026ADE00EB2077 /* Release */ = {
			isa = XCBuildConfiguration;
			baseConfigurationReference = 38017424F7F56ADDA975BE80 /* Pods-RNRefreshExample-iOS.release.xcconfig */;
			buildSettings = {
				ASSETCATALOG_COMPILER_APPICON_NAME = AppIcon;
				CODE_SIGN_STYLE = Automatic;
				INFOPLIST_FILE = "RNRefreshExample-iOS/Info.plist";
				LD_RUNPATH_SEARCH_PATHS = (
					"$(inherited)",
					"@executable_path/Frameworks",
				);
				PRODUCT_BUNDLE_IDENTIFIER = "com.xdpaction.liveroom.RNRefreshExample-iOS";
				PRODUCT_NAME = "$(TARGET_NAME)";
				SWIFT_VERSION = 5.0;
				TARGETED_DEVICE_FAMILY = "1,2";
			};
			name = Release;
		};
/* End XCBuildConfiguration section */

/* Begin XCConfigurationList section */
		9474D84125026ADA00EB2077 /* Build configuration list for PBXProject "RNRefreshExample-iOS" */ = {
			isa = XCConfigurationList;
			buildConfigurations = (
				9474D85825026ADE00EB2077 /* Debug */,
				9474D85925026ADE00EB2077 /* Release */,
			);
			defaultConfigurationIsVisible = 0;
			defaultConfigurationName = Release;
		};
		9474D85A25026ADE00EB2077 /* Build configuration list for PBXNativeTarget "RNRefreshExample-iOS" */ = {
			isa = XCConfigurationList;
			buildConfigurations = (
				9474D85B25026ADE00EB2077 /* Debug */,
				9474D85C25026ADE00EB2077 /* Release */,
			);
			defaultConfigurationIsVisible = 0;
			defaultConfigurationName = Release;
		};
/* End XCConfigurationList section */
	};
	rootObject = 9474D83E25026ADA00EB2077 /* Project object */;
}
